{
  "name": "application-name",
  "version": "0.0.1",
  "lockfileVersion": 1,
  "requires": true,
  "dependencies": {
    "commander": {
      "version": "0.1.0",
      "resolved": "https://registry.npmjs.org/commander/-/commander-0.1.0.tgz",
      "integrity": "sha1-Txt2cRaFO2WRBvnPWJfIusLBibI="
    },
    "connect": {
      "version": "1.7.0",
      "resolved": "https://registry.npmjs.org/connect/-/connect-1.7.0.tgz",
      "integrity": "sha1-UXRC3gYhtNTvsIRcOPrHRGSdlzU=",
      "requires": {
        "mime": ">= 0.0.1",
        "qs": ">= 0.3.1"
      }
    },
    "express": {
      "version": "2.3.12",
      "resolved": "https://registry.npmjs.org/express/-/express-2.3.12.tgz",
      "integrity": "sha1-nnUMjlD/l2+JtO2eHKbVNLrSMBQ=",
      "requires": {
        "connect": ">= 1.5.1 < 2.0.0",
        "mime": ">= 0.0.1",
        "qs": ">= 0.0.6"
      }
    },
    "jade": {
      "version": "0.15.4",
      "resolved": "https://registry.npmjs.org/jade/-/jade-0.15.4.tgz",
      "integrity": "sha1-/Tg1qVXgNlBSugbcRl/NLGGZl7A=",
      "requires": {
        "commander": "0.1.0",
        "mkdirp": "0.0.6"
      }
    },
    "mime": {
      "version": "1.2.2",
      "resolved": "https://registry.npmjs.org/mime/-/mime-1.2.2.tgz",
      "integrity": "sha1-udY1W/U+jX1WaTEw5FHa/zQBSM8="
    },
    "mkdirp": {
      "version": "0.0.6",
      "resolved": "https://registry.npmjs.org/mkdirp/-/mkdirp-0.0.6.tgz",
      "integrity": "sha1-CWXecQYM9eI3/6eVJDy12aeNM1s="
    },
    "policyfile": {
      "version": "0.0.4",
      "resolved": "https://registry.npmjs.org/policyfile/-/policyfile-0.0.4.tgz",
      "integrity": "sha1-1rgurZiueeviKOLa9ZAzEeyYLk0="
    },
    "qs": {
      "version": "0.3.1",
      "resolved": "https://registry.npmjs.org/qs/-/qs-0.3.1.tgz",
      "integrity": "sha1-QocZKFBpOdaynRsZLyDioossafQ="
    },
    "redis": {
      "version": "0.6.6",
      "resolved": "https://registry.npmjs.org/redis/-/redis-0.6.6.tgz",
      "integrity": "sha1-zXfWuqYdO+iQMvshJj0XInesE0g="
    },
    "socket.io": {
      "version": "0.8.4",
      "resolved": "https://registry.npmjs.org/socket.io/-/socket.io-0.8.4.tgz",
      "integrity": "sha1-lGyqve8vYExnPpFyprv5A5yfDxw=",
      "requires": {
        "policyfile": "0.0.4",
        "redis": "0.6.6",
        "socket.io-client": "0.8.4"
      }
    },
    "socket.io-client": {
      "version": "0.8.4",
      "resolved": "https://registry.npmjs.org/socket.io-client/-/socket.io-client-0.8.4.tgz",
      "integrity": "sha1-76oS7lrS5gXpMLWuE91CZ4pDupI=",
      "requires": {
        "uglify-js": "1.0.6",
        "websocket-client": "1.0.0",
        "xmlhttprequest": "1.2.2"
      }
    },
    "uglify-js": {
      "version": "1.0.6",
      "resolved": "https://registry.npmjs.org/uglify-js/-/uglify-js-1.0.6.tgz",
      "integrity": "sha1-8NOq/UY/JqQ3uevBn0lHq36AeKo="
    },
    "websocket-client": {
      "version": "1.0.0",
      "resolved": "https://registry.npmjs.org/websocket-client/-/websocket-client-1.0.0.tgz",
      "integrity": "sha1-+HJ6J1ayMk0f0bceTbTJincAfNo="
    },
    "xmlhttprequest": {
      "version": "1.2.2",
      "resolved": "https://registry.npmjs.org/xmlhttprequest/-/xmlhttprequest-1.2.2.tgz",
      "integrity": "sha1-6Idb2xOvfCKwTLsDTKrfj/ImdqM="
    }
  }
}
